
Microsoft Visual Studio Solution File, Format Version 12.00
# Visual Studio Version 17
VisualStudioVersion = 17.0.31903.59
MinimumVisualStudioVersion = 10.0.40219.1
Project("{FAE04EC0-301F-11D3-BF4B-00C04F79EFBC}") = "BlogApp.AppHost", "BlogApp.AppHost\BlogApp.AppHost.csproj", "{865F1D0E-18BC-4D62-839C-6554697DE56F}"
EndProject
Project("{FAE04EC0-301F-11D3-BF4B-00C04F79EFBC}") = "BlogApp.ServiceDefaults", "BlogApp.ServiceDefaults\BlogApp.ServiceDefaults.csproj", "{D86302FE-BCC0-43D8-AC5B-194AAED972C3}"
EndProject
Project("{FAE04EC0-301F-11D3-BF4B-00C04F79EFBC}") = "BlogApp.ApiService", "BlogApp.ApiService\BlogApp.ApiService.csproj", "{CCB9EEBC-C1EB-4651-A05F-2C1708C3E9B3}"
EndProject
Project("{FAE04EC0-301F-11D3-BF4B-00C04F79EFBC}") = "BlogApp.Web", "BlogApp.Web\BlogApp.Web.csproj", "{A33CC65D-41B7-464B-8B79-70D70DC36634}"
EndProject
Project("{FAE04EC0-301F-11D3-BF4B-00C04F79EFBC}") = "BlogLibrary", "BlogLibrary\BlogLibrary.csproj", "{B1F53B25-9A34-4259-98E3-159303A653D0}"
EndProject
Project("{FAE04EC0-301F-11D3-BF4B-00C04F79EFBC}") = "BlogServer", "BlogServer\BlogServer.csproj", "{C9B0DA27-B597-401B-8D36-4AF4D80DD0C9}"
EndProject
Global
	GlobalSection(SolutionConfigurationPlatforms) = preSolution
		Debug|Any CPU = Debug|Any CPU
		Release|Any CPU = Release|Any CPU
	EndGlobalSection
	GlobalSection(ProjectConfigurationPlatforms) = postSolution
		{865F1D0E-18BC-4D62-839C-6554697DE56F}.Debug|Any CPU.ActiveCfg = Debug|Any CPU
		{865F1D0E-18BC-4D62-839C-6554697DE56F}.Debug|Any CPU.Build.0 = Debug|Any CPU
		{865F1D0E-18BC-4D62-839C-6554697DE56F}.Release|Any CPU.ActiveCfg = Release|Any CPU
		{865F1D0E-18BC-4D62-839C-6554697DE56F}.Release|Any CPU.Build.0 = Release|Any CPU
		{D86302FE-BCC0-43D8-AC5B-194AAED972C3}.Debug|Any CPU.ActiveCfg = Debug|Any CPU
		{D86302FE-BCC0-43D8-AC5B-194AAED972C3}.Debug|Any CPU.Build.0 = Debug|Any CPU
		{D86302FE-BCC0-43D8-AC5B-194AAED972C3}.Release|Any CPU.ActiveCfg = Release|Any CPU
		{D86302FE-BCC0-43D8-AC5B-194AAED972C3}.Release|Any CPU.Build.0 = Release|Any CPU
		{CCB9EEBC-C1EB-4651-A05F-2C1708C3E9B3}.Debug|Any CPU.ActiveCfg = Debug|Any CPU
		{CCB9EEBC-C1EB-4651-A05F-2C1708C3E9B3}.Debug|Any CPU.Build.0 = Debug|Any CPU
		{CCB9EEBC-C1EB-4651-A05F-2C1708C3E9B3}.Release|Any CPU.ActiveCfg = Release|Any CPU
		{CCB9EEBC-C1EB-4651-A05F-2C1708C3E9B3}.Release|Any CPU.Build.0 = Release|Any CPU
		{A33CC65D-41B7-464B-8B79-70D70DC36634}.Debug|Any CPU.ActiveCfg = Debug|Any CPU
		{A33CC65D-41B7-464B-8B79-70D70DC36634}.Debug|Any CPU.Build.0 = Debug|Any CPU
		{A33CC65D-41B7-464B-8B79-70D70DC36634}.Release|Any CPU.ActiveCfg = Release|Any CPU
		{A33CC65D-41B7-464B-8B79-70D70DC36634}.Release|Any CPU.Build.0 = Release|Any CPU
		{B1F53B25-9A34-4259-98E3-159303A653D0}.Debug|Any CPU.ActiveCfg = Debug|Any CPU
		{B1F53B25-9A34-4259-98E3-159303A653D0}.Debug|Any CPU.Build.0 = Debug|Any CPU
		{B1F53B25-9A34-4259-98E3-159303A653D0}.Release|Any CPU.ActiveCfg = Release|Any CPU
		{B1F53B25-9A34-4259-98E3-159303A653D0}.Release|Any CPU.Build.0 = Release|Any CPU
		{C9B0DA27-B597-401B-8D36-4AF4D80DD0C9}.Debug|Any CPU.ActiveCfg = Debug|Any CPU
		{C9B0DA27-B597-401B-8D36-4AF4D80DD0C9}.Debug|Any CPU.Build.0 = Debug|Any CPU
		{C9B0DA27-B597-401B-8D36-4AF4D80DD0C9}.Release|Any CPU.ActiveCfg = Release|Any CPU
		{C9B0DA27-B597-401B-8D36-4AF4D80DD0C9}.Release|Any CPU.Build.0 = Release|Any CPU
	EndGlobalSection
	GlobalSection(SolutionProperties) = preSolution
		HideSolutionNode = FALSE
	EndGlobalSection
EndGlobal
