Microsoft Visual Studio Solution File, Format Version 12.00
# Visual Studio Version 17
VisualStudioVersion = 17.5.2.0
MinimumVisualStudioVersion = 10.0.40219.1
Project("{FAE04EC0-301F-11D3-BF4B-00C04F79EFBC}") = "BloggerBlazorServer", "BloggerBlazorServer.csproj", "{01D37CDE-58EB-17E9-0AAA-5986563D06ED}"
EndProject
Global
	GlobalSection(SolutionConfigurationPlatforms) = preSolution
		Debug|Any CPU = Debug|Any CPU
		Release|Any CPU = Release|Any CPU
	EndGlobalSection
	GlobalSection(ProjectConfigurationPlatforms) = postSolution
		{01D37CDE-58EB-17E9-0AAA-5986563D06ED}.Debug|Any CPU.ActiveCfg = Debug|Any CPU
		{01D37CDE-58EB-17E9-0AAA-5986563D06ED}.Debug|Any CPU.Build.0 = Debug|Any CPU
		{01D37CDE-58EB-17E9-0AAA-5986563D06ED}.Release|Any CPU.ActiveCfg = Release|Any CPU
		{01D37CDE-58EB-17E9-0AAA-5986563D06ED}.Release|Any CPU.Build.0 = Release|Any CPU
	EndGlobalSection
	GlobalSection(SolutionProperties) = preSolution
		HideSolutionNode = FALSE
	EndGlobalSection
	GlobalSection(ExtensibilityGlobals) = postSolution
		SolutionGuid = {41845D0E-66C8-48FD-96A0-7FD5290C4992}
	EndGlobalSection
EndGlobal
